// !$*UTF8*$!
{
	archiveVersion = 1;
	classes = {
	};
	objectVersion = 46;
	objects = {

/* Begin PBXBuildFile section */
		2ADDC8BD18C5E2A70039F11E /* METoast.m in Sources */ = {isa = PBXBuildFile; fileRef = 2ADDC8BC18C5E2A70039F11E /* METoast.m */; settings = {COMPILER_FLAGS = "-fno-objc-arc"; }; };
		9734FD6118C4B5B500273B05 /* Foundation.framework in Frameworks */ = {isa = PBXBuildFile; fileRef = 9734FD6018C4B5B500273B05 /* Foundation.framework */; };
		9734FD6318C4B5B500273B05 /* CoreGraphics.framework in Frameworks */ = {isa = PBXBuildFile; fileRef = 9734FD6218C4B5B500273B05 /* CoreGraphics.framework */; };
		9734FD6518C4B5B500273B05 /* UIKit.framework in Frameworks */ = {isa = PBXBuildFile; fileRef = 9734FD6418C4B5B500273B05 /* UIKit.framework */; };
		9734FD6B18C4B5B500273B05 /* InfoPlist.strings in Resources */ = {isa = PBXBuildFile; fileRef = 9734FD6918C4B5B500273B05 /* InfoPlist.strings */; };
		9734FD6D18C4B5B500273B05 /* main.m in Sources */ = {isa = PBXBuildFile; fileRef = 9734FD6C18C4B5B500273B05 /* main.m */; };
		9734FD7118C4B5B500273B05 /* ECAppDelegate.m in Sources */ = {isa = PBXBuildFile; fileRef = 9734FD7018C4B5B500273B05 /* ECAppDelegate.m */; };
		9734FD7418C4B5B500273B05 /* Main.storyboard in Resources */ = {isa = PBXBuildFile; fileRef = 9734FD7218C4B5B500273B05 /* Main.storyboard */; };
		9734FD7718C4B5B500273B05 /* ECViewController.m in Sources */ = {isa = PBXBuildFile; fileRef = 9734FD7618C4B5B500273B05 /* ECViewController.m */; };
		9734FD7918C4B5B500273B05 /* Images.xcassets in Resources */ = {isa = PBXBuildFile; fileRef = 9734FD7818C4B5B500273B05 /* Images.xcassets */; };
		9734FD8018C4B5B500273B05 /* XCTest.framework in Frameworks */ = {isa = PBXBuildFile; fileRef = 9734FD7F18C4B5B500273B05 /* XCTest.framework */; };
		9734FD8118C4B5B500273B05 /* Foundation.framework in Frameworks */ = {isa = PBXBuildFile; fileRef = 9734FD6018C4B5B500273B05 /* Foundation.framework */; };
		9734FD8218C4B5B500273B05 /* UIKit.framework in Frameworks */ = {isa = PBXBuildFile; fileRef = 9734FD6418C4B5B500273B05 /* UIKit.framework */; };
		9734FD8A18C4B5B500273B05 /* InfoPlist.strings in Resources */ = {isa = PBXBuildFile; fileRef = 9734FD8818C4B5B500273B05 /* InfoPlist.strings */; };
		9734FD8C18C4B5B500273B05 /* tictactoeSampleAppTests.m in Sources */ = {isa = PBXBuildFile; fileRef = 9734FD8B18C4B5B500273B05 /* tictactoeSampleAppTests.m */; };
/* End PBXBuildFile section */

/* Begin PBXContainerItemProxy section */
		9734FD8318C4B5B500273B05 /* PBXContainerItemProxy */ = {
			isa = PBXContainerItemProxy;
			containerPortal = 9734FD5518C4B5B400273B05 /* Project object */;
			proxyType = 1;
			remoteGlobalIDString = 9734FD5C18C4B5B400273B05;
			remoteInfo = tictactoeSampleApp;
		};
/* End PBXContainerItemProxy section */

/* Begin PBXFileReference section */
		2ADDC8BB18C5E2A70039F11E /* METoast.h */ = {isa = PBXFileReference; fileEncoding = 4; lastKnownFileType = sourcecode.c.h; path = METoast.h; sourceTree = "<group>"; };
		2ADDC8BC18C5E2A70039F11E /* METoast.m */ = {isa = PBXFileReference; fileEncoding = 4; lastKnownFileType = sourcecode.c.objc; path = METoast.m; sourceTree = "<group>"; };
		9734FD5D18C4B5B500273B05 /* tictactoeSampleApp.app */ = {isa = PBXFileReference; explicitFileType = wrapper.application; includeInIndex = 0; path = tictactoeSampleApp.app; sourceTree = BUILT_PRODUCTS_DIR; };
		9734FD6018C4B5B500273B05 /* Foundation.framework */ = {isa = PBXFileReference; lastKnownFileType = wrapper.framework; name = Foundation.framework; path = System/Library/Frameworks/Foundation.framework; sourceTree = SDKROOT; };
		9734FD6218C4B5B500273B05 /* CoreGraphics.framework */ = {isa = PBXFileReference; lastKnownFileType = wrapper.framework; name = CoreGraphics.framework; path = System/Library/Frameworks/CoreGraphics.framework; sourceTree = SDKROOT; };
		9734FD6418C4B5B500273B05 /* UIKit.framework */ = {isa = PBXFileReference; lastKnownFileType = wrapper.framework; name = UIKit.framework; path = System/Library/Frameworks/UIKit.framework; sourceTree = SDKROOT; };
		9734FD6818C4B5B500273B05 /* tictactoeSampleApp-Info.plist */ = {isa = PBXFileReference; lastKnownFileType = text.plist.xml; path = "tictactoeSampleApp-Info.plist"; sourceTree = "<group>"; };
		9734FD6A18C4B5B500273B05 /* en */ = {isa = PBXFileReference; lastKnownFileType = text.plist.strings; name = en; path = en.lproj/InfoPlist.strings; sourceTree = "<group>"; };
		9734FD6C18C4B5B500273B05 /* main.m */ = {isa = PBXFileReference; lastKnownFileType = sourcecode.c.objc; path = main.m; sourceTree = "<group>"; };
		9734FD6E18C4B5B500273B05 /* tictactoeSampleApp-Prefix.pch */ = {isa = PBXFileReference; lastKnownFileType = sourcecode.c.h; path = "tictactoeSampleApp-Prefix.pch"; sourceTree = "<group>"; };
		9734FD6F18C4B5B500273B05 /* ECAppDelegate.h */ = {isa = PBXFileReference; lastKnownFileType = sourcecode.c.h; path = ECAppDelegate.h; sourceTree = "<group>"; };
		9734FD7018C4B5B500273B05 /* ECAppDelegate.m */ = {isa = PBXFileReference; lastKnownFileType = sourcecode.c.objc; path = ECAppDelegate.m; sourceTree = "<group>"; };
		9734FD7318C4B5B500273B05 /* Base */ = {isa = PBXFileReference; lastKnownFileType = file.storyboard; name = Base; path = Base.lproj/Main.storyboard; sourceTree = "<group>"; };
		9734FD7518C4B5B500273B05 /* ECViewController.h */ = {isa = PBXFileReference; lastKnownFileType = sourcecode.c.h; path = ECViewController.h; sourceTree = "<group>"; };
		9734FD7618C4B5B500273B05 /* ECViewController.m */ = {isa = PBXFileReference; lastKnownFileType = sourcecode.c.objc; path = ECViewController.m; sourceTree = "<group>"; };
		9734FD7818C4B5B500273B05 /* Images.xcassets */ = {isa = PBXFileReference; lastKnownFileType = folder.assetcatalog; path = Images.xcassets; sourceTree = "<group>"; };
		9734FD7E18C4B5B500273B05 /* tictactoeSampleAppTests.xctest */ = {isa = PBXFileReference; explicitFileType = wrapper.cfbundle; includeInIndex = 0; path = tictactoeSampleAppTests.xctest; sourceTree = BUILT_PRODUCTS_DIR; };
		9734FD7F18C4B5B500273B05 /* XCTest.framework */ = {isa = PBXFileReference; lastKnownFileType = wrapper.framework; name = XCTest.framework; path = Library/Frameworks/XCTest.framework; sourceTree = DEVELOPER_DIR; };
		9734FD8718C4B5B500273B05 /* tictactoeSampleAppTests-Info.plist */ = {isa = PBXFileReference; lastKnownFileType = text.plist.xml; path = "tictactoeSampleAppTests-Info.plist"; sourceTree = "<group>"; };
		9734FD8918C4B5B500273B05 /* en */ = {isa = PBXFileReference; lastKnownFileType = text.plist.strings; name = en; path = en.lproj/InfoPlist.strings; sourceTree = "<group>"; };
		9734FD8B18C4B5B500273B05 /* tictactoeSampleAppTests.m */ = {isa = PBXFileReference; lastKnownFileType = sourcecode.c.objc; path = tictactoeSampleAppTests.m; sourceTree = "<group>"; };
/* End PBXFileReference section */

/* Begin PBXFrameworksBuildPhase section */
		9734FD5A18C4B5B400273B05 /* Frameworks */ = {
			isa = PBXFrameworksBuildPhase;
			buildActionMask = 2147483647;
			files = (
				9734FD6318C4B5B500273B05 /* CoreGraphics.framework in Frameworks */,
				9734FD6518C4B5B500273B05 /* UIKit.framework in Frameworks */,
				9734FD6118C4B5B500273B05 /* Foundation.framework in Frameworks */,
			);
			runOnlyForDeploymentPostprocessing = 0;
		};
		9734FD7B18C4B5B500273B05 /* Frameworks */ = {
			isa = PBXFrameworksBuildPhase;
			buildActionMask = 2147483647;
			files = (
				9734FD8018C4B5B500273B05 /* XCTest.framework in Frameworks */,
				9734FD8218C4B5B500273B05 /* UIKit.framework in Frameworks */,
				9734FD8118C4B5B500273B05 /* Foundation.framework in Frameworks */,
			);
			runOnlyForDeploymentPostprocessing = 0;
		};
/* End PBXFrameworksBuildPhase section */

/* Begin PBXGroup section */
		2ADDC8BA18C5E2A70039F11E /* METoast */ = {
			isa = PBXGroup;
			children = (
				2ADDC8BB18C5E2A70039F11E /* METoast.h */,
				2ADDC8BC18C5E2A70039F11E /* METoast.m */,
			);
			path = METoast;
			sourceTree = "<group>";
		};
		9734FD5418C4B5B400273B05 = {
			isa = PBXGroup;
			children = (
				2ADDC8BA18C5E2A70039F11E /* METoast */,
				9734FD6618C4B5B500273B05 /* tictactoeSampleApp */,
				9734FD8518C4B5B500273B05 /* tictactoeSampleAppTests */,
				9734FD5F18C4B5B500273B05 /* Frameworks */,
				9734FD5E18C4B5B500273B05 /* Products */,
			);
			sourceTree = "<group>";
		};
		9734FD5E18C4B5B500273B05 /* Products */ = {
			isa = PBXGroup;
			children = (
				9734FD5D18C4B5B500273B05 /* tictactoeSampleApp.app */,
				9734FD7E18C4B5B500273B05 /* tictactoeSampleAppTests.xctest */,
			);
			name = Products;
			sourceTree = "<group>";
		};
		9734FD5F18C4B5B500273B05 /* Frameworks */ = {
			isa = PBXGroup;
			children = (
				9734FD6018C4B5B500273B05 /* Foundation.framework */,
				9734FD6218C4B5B500273B05 /* CoreGraphics.framework */,
				9734FD6418C4B5B500273B05 /* UIKit.framework */,
				9734FD7F18C4B5B500273B05 /* XCTest.framework */,
			);
			name = Frameworks;
			sourceTree = "<group>";
		};
		9734FD6618C4B5B500273B05 /* tictactoeSampleApp */ = {
			isa = PBXGroup;
			children = (
				9734FD6F18C4B5B500273B05 /* ECAppDelegate.h */,
				9734FD7018C4B5B500273B05 /* ECAppDelegate.m */,
				9734FD7218C4B5B500273B05 /* Main.storyboard */,
				9734FD7518C4B5B500273B05 /* ECViewController.h */,
				9734FD7618C4B5B500273B05 /* ECViewController.m */,
				9734FD7818C4B5B500273B05 /* Images.xcassets */,
				9734FD6718C4B5B500273B05 /* Supporting Files */,
			);
			path = tictactoeSampleApp;
			sourceTree = "<group>";
		};
		9734FD6718C4B5B500273B05 /* Supporting Files */ = {
			isa = PBXGroup;
			children = (
				9734FD6818C4B5B500273B05 /* tictactoeSampleApp-Info.plist */,
				9734FD6918C4B5B500273B05 /* InfoPlist.strings */,
				9734FD6C18C4B5B500273B05 /* main.m */,
				9734FD6E18C4B5B500273B05 /* tictactoeSampleApp-Prefix.pch */,
			);
			name = "Supporting Files";
			sourceTree = "<group>";
		};
		9734FD8518C4B5B500273B05 /* tictactoeSampleAppTests */ = {
			isa = PBXGroup;
			children = (
				9734FD8B18C4B5B500273B05 /* tictactoeSampleAppTests.m */,
				9734FD8618C4B5B500273B05 /* Supporting Files */,
			);
			path = tictactoeSampleAppTests;
			sourceTree = "<group>";
		};
		9734FD8618C4B5B500273B05 /* Supporting Files */ = {
			isa = PBXGroup;
			children = (
				9734FD8718C4B5B500273B05 /* tictactoeSampleAppTests-Info.plist */,
				9734FD8818C4B5B500273B05 /* InfoPlist.strings */,
			);
			name = "Supporting Files";
			sourceTree = "<group>";
		};
/* End PBXGroup section */

/* Begin PBXNativeTarget section */
		9734FD5C18C4B5B400273B05 /* tictactoeSampleApp */ = {
			isa = PBXNativeTarget;
			buildConfigurationList = 9734FD8F18C4B5B500273B05 /* Build configuration list for PBXNativeTarget "tictactoeSampleApp" */;
			buildPhases = (
				9734FD5918C4B5B400273B05 /* Sources */,
				9734FD5A18C4B5B400273B05 /* Frameworks */,
				9734FD5B18C4B5B400273B05 /* Resources */,
			);
			buildRules = (
			);
			dependencies = (
			);
			name = tictactoeSampleApp;
			productName = tictactoeSampleApp;
			productReference = 9734FD5D18C4B5B500273B05 /* tictactoeSampleApp.app */;
			productType = "com.apple.product-type.application";
		};
		9734FD7D18C4B5B500273B05 /* tictactoeSampleAppTests */ = {
			isa = PBXNativeTarget;
			buildConfigurationList = 9734FD9218C4B5B500273B05 /* Build configuration list for PBXNativeTarget "tictactoeSampleAppTests" */;
			buildPhases = (
				9734FD7A18C4B5B500273B05 /* Sources */,
				9734FD7B18C4B5B500273B05 /* Frameworks */,
				9734FD7C18C4B5B500273B05 /* Resources */,
			);
			buildRules = (
			);
			dependencies = (
				9734FD8418C4B5B500273B05 /* PBXTargetDependency */,
			);
			name = tictactoeSampleAppTests;
			productName = tictactoeSampleAppTests;
			productReference = 9734FD7E18C4B5B500273B05 /* tictactoeSampleAppTests.xctest */;
			productType = "com.apple.product-type.bundle.unit-test";
		};
/* End PBXNativeTarget section */

/* Begin PBXProject section */
		9734FD5518C4B5B400273B05 /* Project object */ = {
			isa = PBXProject;
			attributes = {
				CLASSPREFIX = EC;
				LastUpgradeCheck = 0500;
				ORGANIZATIONNAME = Engageclick;
				TargetAttributes = {
					9734FD7D18C4B5B500273B05 = {
						TestTargetID = 9734FD5C18C4B5B400273B05;
					};
				};
			};
			buildConfigurationList = 9734FD5818C4B5B400273B05 /* Build configuration list for PBXProject "tictactoeSampleApp" */;
			compatibilityVersion = "Xcode 3.2";
			developmentRegion = English;
			hasScannedForEncodings = 0;
			knownRegions = (
				en,
				Base,
			);
			mainGroup = 9734FD5418C4B5B400273B05;
			productRefGroup = 9734FD5E18C4B5B500273B05 /* Products */;
			projectDirPath = "";
			projectRoot = "";
			targets = (
				9734FD5C18C4B5B400273B05 /* tictactoeSampleApp */,
				9734FD7D18C4B5B500273B05 /* tictactoeSampleAppTests */,
			);
		};
/* End PBXProject section */

/* Begin PBXResourcesBuildPhase section */
		9734FD5B18C4B5B400273B05 /* Resources */ = {
			isa = PBXResourcesBuildPhase;
			buildActionMask = 2147483647;
			files = (
				9734FD7918C4B5B500273B05 /* Images.xcassets in Resources */,
				9734FD6B18C4B5B500273B05 /* InfoPlist.strings in Resources */,
				9734FD7418C4B5B500273B05 /* Main.storyboard in Resources */,
			);
			runOnlyForDeploymentPostprocessing = 0;
		};
		9734FD7C18C4B5B500273B05 /* Resources */ = {
			isa = PBXResourcesBuildPhase;
			buildActionMask = 2147483647;
			files = (
				9734FD8A18C4B5B500273B05 /* InfoPlist.strings in Resources */,
			);
			runOnlyForDeploymentPostprocessing = 0;
		};
/* End PBXResourcesBuildPhase section */

/* Begin PBXSourcesBuildPhase section */
		9734FD5918C4B5B400273B05 /* Sources */ = {
			isa = PBXSourcesBuildPhase;
			buildActionMask = 2147483647;
			files = (
				2ADDC8BD18C5E2A70039F11E /* METoast.m in Sources */,
				9734FD7718C4B5B500273B05 /* ECViewController.m in Sources */,
				9734FD7118C4B5B500273B05 /* ECAppDelegate.m in Sources */,
				9734FD6D18C4B5B500273B05 /* main.m in Sources */,
			);
			runOnlyForDeploymentPostprocessing = 0;
		};
		9734FD7A18C4B5B500273B05 /* Sources */ = {
			isa = PBXSourcesBuildPhase;
			buildActionMask = 2147483647;
			files = (
				9734FD8C18C4B5B500273B05 /* tictactoeSampleAppTests.m in Sources */,
			);
			runOnlyForDeploymentPostprocessing = 0;
		};
/* End PBXSourcesBuildPhase section */

/* Begin PBXTargetDependency section */
		9734FD8418C4B5B500273B05 /* PBXTargetDependency */ = {
			isa = PBXTargetDependency;
			target = 9734FD5C18C4B5B400273B05 /* tictactoeSampleApp */;
			targetProxy = 9734FD8318C4B5B500273B05 /* PBXContainerItemProxy */;
		};
/* End PBXTargetDependency section */

/* Begin PBXVariantGroup section */
		9734FD6918C4B5B500273B05 /* InfoPlist.strings */ = {
			isa = PBXVariantGroup;
			children = (
				9734FD6A18C4B5B500273B05 /* en */,
			);
			name = InfoPlist.strings;
			sourceTree = "<group>";
		};
		9734FD7218C4B5B500273B05 /* Main.storyboard */ = {
			isa = PBXVariantGroup;
			children = (
				9734FD7318C4B5B500273B05 /* Base */,
			);
			name = Main.storyboard;
			sourceTree = "<group>";
		};
		9734FD8818C4B5B500273B05 /* InfoPlist.strings */ = {
			isa = PBXVariantGroup;
			children = (
				9734FD8918C4B5B500273B05 /* en */,
			);
			name = InfoPlist.strings;
			sourceTree = "<group>";
		};
/* End PBXVariantGroup section */

/* Begin XCBuildConfiguration section */
		9734FD8D18C4B5B500273B05 /* Debug */ = {
			isa = XCBuildConfiguration;
			buildSettings = {
				ALWAYS_SEARCH_USER_PATHS = NO;
				ARCHS = "$(ARCHS_STANDARD_INCLUDING_64_BIT)";
				CLANG_CXX_LANGUAGE_STANDARD = "gnu++0x";
				CLANG_CXX_LIBRARY = "libc++";
				CLANG_ENABLE_MODULES = YES;
				CLANG_ENABLE_OBJC_ARC = YES;
				CLANG_WARN_BOOL_CONVERSION = YES;
				CLANG_WARN_CONSTANT_CONVERSION = YES;
				CLANG_WARN_DIRECT_OBJC_ISA_USAGE = YES_ERROR;
				CLANG_WARN_EMPTY_BODY = YES;
				CLANG_WARN_ENUM_CONVERSION = YES;
				CLANG_WARN_INT_CONVERSION = YES;
				CLANG_WARN_OBJC_ROOT_CLASS = YES_ERROR;
				CLANG_WARN__DUPLICATE_METHOD_MATCH = YES;
				"CODE_SIGN_IDENTITY[sdk=iphoneos*]" = "iPhone Developer";
				COPY_PHASE_STRIP = NO;
				GCC_C_LANGUAGE_STANDARD = gnu99;
				GCC_DYNAMIC_NO_PIC = NO;
				GCC_OPTIMIZATION_LEVEL = 0;
				GCC_PREPROCESSOR_DEFINITIONS = (
					"DEBUG=1",
					"$(inherited)",
				);
				GCC_SYMBOLS_PRIVATE_EXTERN = NO;
				GCC_WARN_64_TO_32_BIT_CONVERSION = YES;
				GCC_WARN_ABOUT_RETURN_TYPE = YES_ERROR;
				GCC_WARN_UNDECLARED_SELECTOR = YES;
				GCC_WARN_UNINITIALIZED_AUTOS = YES;
				GCC_WARN_UNUSED_FUNCTION = YES;
				GCC_WARN_UNUSED_VARIABLE = YES;
				IPHONEOS_DEPLOYMENT_TARGET = 7.0;
				ONLY_ACTIVE_ARCH = YES;
				SDKROOT = iphoneos;
			};
			name = Debug;
		};
		9734FD8E18C4B5B500273B05 /* Release */ = {
			isa = XCBuildConfiguration;
			buildSettings = {
				ALWAYS_SEARCH_USER_PATHS = NO;
				ARCHS = "$(ARCHS_STANDARD_INCLUDING_64_BIT)";
				CLANG_CXX_LANGUAGE_STANDARD = "gnu++0x";
				CLANG_CXX_LIBRARY = "libc++";
				CLANG_ENABLE_MODULES = YES;
				CLANG_ENABLE_OBJC_ARC = YES;
				CLANG_WARN_BOOL_CONVERSION = YES;
				CLANG_WARN_CONSTANT_CONVERSION = YES;
				CLANG_WARN_DIRECT_OBJC_ISA_USAGE = YES_ERROR;
				CLANG_WARN_EMPTY_BODY = YES;
				CLANG_WARN_ENUM_CONVERSION = YES;
				CLANG_WARN_INT_CONVERSION = YES;
				CLANG_WARN_OBJC_ROOT_CLASS = YES_ERROR;
				CLANG_WARN__DUPLICATE_METHOD_MATCH = YES;
				"CODE_SIGN_IDENTITY[sdk=iphoneos*]" = "iPhone Developer";
				COPY_PHASE_STRIP = YES;
				ENABLE_NS_ASSERTIONS = NO;
				GCC_C_LANGUAGE_STANDARD = gnu99;
				GCC_WARN_64_TO_32_BIT_CONVERSION = YES;
				GCC_WARN_ABOUT_RETURN_TYPE = YES_ERROR;
				GCC_WARN_UNDECLARED_SELECTOR = YES;
				GCC_WARN_UNINITIALIZED_AUTOS = YES;
				GCC_WARN_UNUSED_FUNCTION = YES;
				GCC_WARN_UNUSED_VARIABLE = YES;
				IPHONEOS_DEPLOYMENT_TARGET = 7.0;
				SDKROOT = iphoneos;
				VALIDATE_PRODUCT = YES;
			};
			name = Release;
		};
		9734FD9018C4B5B500273B05 /* Debug */ = {
			isa = XCBuildConfiguration;
			buildSettings = {
				ASSETCATALOG_COMPILER_APPICON_NAME = AppIcon;
				ASSETCATALOG_COMPILER_LAUNCHIMAGE_NAME = LaunchImage;
				GCC_PRECOMPILE_PREFIX_HEADER = YES;
				GCC_PREFIX_HEADER = "tictactoeSampleApp/tictactoeSampleApp-Prefix.pch";
				INFOPLIST_FILE = "tictactoeSampleApp/tictactoeSampleApp-Info.plist";
				PRODUCT_NAME = "$(TARGET_NAME)";
				WRAPPER_EXTENSION = app;
			};
			name = Debug;
		};
		9734FD9118C4B5B500273B05 /* Release */ = {
			isa = XCBuildConfiguration;
			buildSettings = {
				ASSETCATALOG_COMPILER_APPICON_NAME = AppIcon;
				ASSETCATALOG_COMPILER_LAUNCHIMAGE_NAME = LaunchImage;
				GCC_PRECOMPILE_PREFIX_HEADER = YES;
				GCC_PREFIX_HEADER = "tictactoeSampleApp/tictactoeSampleApp-Prefix.pch";
				INFOPLIST_FILE = "tictactoeSampleApp/tictactoeSampleApp-Info.plist";
				PRODUCT_NAME = "$(TARGET_NAME)";
				WRAPPER_EXTENSION = app;
			};
			name = Release;
		};
		9734FD9318C4B5B500273B05 /* Debug */ = {
			isa = XCBuildConfiguration;
			buildSettings = {
				ARCHS = "$(ARCHS_STANDARD_INCLUDING_64_BIT)";
				BUNDLE_LOADER = "$(BUILT_PRODUCTS_DIR)/tictactoeSampleApp.app/tictactoeSampleApp";
				FRAMEWORK_SEARCH_PATHS = (
					"$(SDKROOT)/Developer/Library/Frameworks",
					"$(inherited)",
					"$(DEVELOPER_FRAMEWORKS_DIR)",
				);
				GCC_PRECOMPILE_PREFIX_HEADER = YES;
				GCC_PREFIX_HEADER = "tictactoeSampleApp/tictactoeSampleApp-Prefix.pch";
				GCC_PREPROCESSOR_DEFINITIONS = (
					"DEBUG=1",
					"$(inherited)",
				);
				INFOPLIST_FILE = "tictactoeSampleAppTests/tictactoeSampleAppTests-Info.plist";
				PRODUCT_NAME = "$(TARGET_NAME)";
				TEST_HOST = "$(BUNDLE_LOADER)";
				WRAPPER_EXTENSION = xctest;
			};
			name = Debug;
		};
		9734FD9418C4B5B500273B05 /* Release */ = {
			isa = XCBuildConfiguration;
			buildSettings = {
				ARCHS = "$(ARCHS_STANDARD_INCLUDING_64_BIT)";
				BUNDLE_LOADER = "$(BUILT_PRODUCTS_DIR)/tictactoeSampleApp.app/tictactoeSampleApp";
				FRAMEWORK_SEARCH_PATHS = (
					"$(SDKROOT)/Developer/Library/Frameworks",
					"$(inherited)",
					"$(DEVELOPER_FRAMEWORKS_DIR)",
				);
				GCC_PRECOMPILE_PREFIX_HEADER = YES;
				GCC_PREFIX_HEADER = "tictactoeSampleApp/tictactoeSampleApp-Prefix.pch";
				INFOPLIST_FILE = "tictactoeSampleAppTests/tictactoeSampleAppTests-Info.plist";
				PRODUCT_NAME = "$(TARGET_NAME)";
				TEST_HOST = "$(BUNDLE_LOADER)";
				WRAPPER_EXTENSION = xctest;
			};
			name = Release;
		};
/* End XCBuildConfiguration section */

/* Begin XCConfigurationList section */
		9734FD5818C4B5B400273B05 /* Build configuration list for PBXProject "tictactoeSampleApp" */ = {
			isa = XCConfigurationList;
			buildConfigurations = (
				9734FD8D18C4B5B500273B05 /* Debug */,
				9734FD8E18C4B5B500273B05 /* Release */,
			);
			defaultConfigurationIsVisible = 0;
			defaultConfigurationName = Release;
		};
		9734FD8F18C4B5B500273B05 /* Build configuration list for PBXNativeTarget "tictactoeSampleApp" */ = {
			isa = XCConfigurationList;
			buildConfigurations = (
				9734FD9018C4B5B500273B05 /* Debug */,
				9734FD9118C4B5B500273B05 /* Release */,
			);
			defaultConfigurationIsVisible = 0;
			defaultConfigurationName = Release;
		};
		9734FD9218C4B5B500273B05 /* Build configuration list for PBXNativeTarget "tictactoeSampleAppTests" */ = {
			isa = XCConfigurationList;
			buildConfigurations = (
				9734FD9318C4B5B500273B05 /* Debug */,
				9734FD9418C4B5B500273B05 /* Release */,
			);
			defaultConfigurationIsVisible = 0;
			defaultConfigurationName = Release;
		};
/* End XCConfigurationList section */
	};
	rootObject = 9734FD5518C4B5B400273B05 /* Project object */;
}
